{
  "nodes": {
    "circular": {
      "inputs": {
        "flake-utils": "flake-utils",
        "nixpkgs": "nixpkgs"
      },
      "locked": {
        "lastModified": 1646716541,
        "narHash": "sha256-xtFPiyirqlZIM16btESvRf0dKk2DbBTUogxijIKy4RA=",
        "owner": "dschrempf",
        "repo": "circular",
        "rev": "0b0b4024c9d4b33c708b8bc1cf04272da6cbceaf",
        "type": "github"
      },
      "original": {
        "owner": "dschrempf",
        "repo": "circular",
        "type": "github"
      }
    },
    "covariance": {
      "inputs": {
        "flake-utils": "flake-utils_2",
        "nixpkgs": "nixpkgs_2"
      },
      "locked": {
        "lastModified": 1646716542,
        "narHash": "sha256-Fpr1/oXC92n/dMT87RCNMirWOKopSo4lZVtnG4ma75A=",
        "owner": "dschrempf",
        "repo": "covariance",
        "rev": "4d241ca76dc0458a2d1ac06a81810dba1832412f",
        "type": "github"
      },
      "original": {
        "owner": "dschrempf",
        "repo": "covariance",
        "type": "github"
      }
    },
    "dirichlet": {
      "inputs": {
        "flake-utils": "flake-utils_3",
        "nixpkgs": "nixpkgs_3"
      },
      "locked": {
        "lastModified": 1646716542,
        "narHash": "sha256-hOZHTUhgtNJIzwjPZwzHWs8LOC8dCVooAHY5xoKoqVE=",
        "owner": "dschrempf",
        "repo": "dirichlet",
        "rev": "6cc69870603c509a10e4ed6a98d14cb7106f2afb",
        "type": "github"
      },
      "original": {
        "owner": "dschrempf",
        "repo": "dirichlet",
        "type": "github"
      }
    },
    "flake-utils": {
      "locked": {
        "lastModified": 1644229661,
        "narHash": "sha256-1YdnJAsNy69bpcjuoKdOYQX0YxZBiCYZo4Twxerqv7k=",
        "owner": "numtide",
        "repo": "flake-utils",
        "rev": "3cecb5b042f7f209c56ffd8371b2711a290ec797",
        "type": "github"
      },
      "original": {
        "owner": "numtide",
        "repo": "flake-utils",
        "type": "github"
      }
    },
    "flake-utils_2": {
      "locked": {
        "lastModified": 1644229661,
        "narHash": "sha256-1YdnJAsNy69bpcjuoKdOYQX0YxZBiCYZo4Twxerqv7k=",
        "owner": "numtide",
        "repo": "flake-utils",
        "rev": "3cecb5b042f7f209c56ffd8371b2711a290ec797",
        "type": "github"
      },
      "original": {
        "owner": "numtide",
        "repo": "flake-utils",
        "type": "github"
      }
    },
    "flake-utils_3": {
      "locked": {
        "lastModified": 1644229661,
        "narHash": "sha256-1YdnJAsNy69bpcjuoKdOYQX0YxZBiCYZo4Twxerqv7k=",
        "owner": "numtide",
        "repo": "flake-utils",
        "rev": "3cecb5b042f7f209c56ffd8371b2711a290ec797",
        "type": "github"
      },
      "original": {
        "owner": "numtide",
        "repo": "flake-utils",
        "type": "github"
      }
    },
    "flake-utils_4": {
      "locked": {
        "lastModified": 1644229661,
        "narHash": "sha256-1YdnJAsNy69bpcjuoKdOYQX0YxZBiCYZo4Twxerqv7k=",
        "owner": "numtide",
        "repo": "flake-utils",
        "rev": "3cecb5b042f7f209c56ffd8371b2711a290ec797",
        "type": "github"
      },
      "original": {
        "owner": "numtide",
        "repo": "flake-utils",
        "type": "github"
      }
    },
    "flake-utils_5": {
      "locked": {
        "lastModified": 1644229661,
        "narHash": "sha256-1YdnJAsNy69bpcjuoKdOYQX0YxZBiCYZo4Twxerqv7k=",
        "owner": "numtide",
        "repo": "flake-utils",
        "rev": "3cecb5b042f7f209c56ffd8371b2711a290ec797",
        "type": "github"
      },
      "original": {
        "owner": "numtide",
        "repo": "flake-utils",
        "type": "github"
      }
    },
    "nixpkgs": {
      "locked": {
        "lastModified": 1646698201,
        "narHash": "sha256-uPcPVqKtbsYHlQgmydrxHw55eSNvGmU3aAJ6J9N49Ao=",
        "owner": "NixOS",
        "repo": "nixpkgs",
        "rev": "a01d73f1a693c90ae86197dbc787bd277adf9cfe",
        "type": "github"
      },
      "original": {
        "owner": "NixOS",
        "ref": "haskell-updates",
        "repo": "nixpkgs",
        "type": "github"
      }
    },
    "nixpkgs_2": {
      "locked": {
        "lastModified": 1646698201,
        "narHash": "sha256-uPcPVqKtbsYHlQgmydrxHw55eSNvGmU3aAJ6J9N49Ao=",
        "owner": "NixOS",
        "repo": "nixpkgs",
        "rev": "a01d73f1a693c90ae86197dbc787bd277adf9cfe",
        "type": "github"
      },
      "original": {
        "owner": "NixOS",
        "ref": "haskell-updates",
        "repo": "nixpkgs",
        "type": "github"
      }
    },
    "nixpkgs_3": {
      "locked": {
        "lastModified": 1646698201,
        "narHash": "sha256-uPcPVqKtbsYHlQgmydrxHw55eSNvGmU3aAJ6J9N49Ao=",
        "owner": "NixOS",
        "repo": "nixpkgs",
        "rev": "a01d73f1a693c90ae86197dbc787bd277adf9cfe",
        "type": "github"
      },
      "original": {
        "owner": "NixOS",
        "ref": "haskell-updates",
        "repo": "nixpkgs",
        "type": "github"
      }
    },
    "nixpkgs_4": {
      "locked": {
        "lastModified": 1646698201,
        "narHash": "sha256-uPcPVqKtbsYHlQgmydrxHw55eSNvGmU3aAJ6J9N49Ao=",
        "owner": "NixOS",
        "repo": "nixpkgs",
        "rev": "a01d73f1a693c90ae86197dbc787bd277adf9cfe",
        "type": "github"
      },
      "original": {
        "owner": "NixOS",
        "ref": "haskell-updates",
        "repo": "nixpkgs",
        "type": "github"
      }
    },
    "nixpkgs_5": {
      "locked": {
        "lastModified": 1646698201,
        "narHash": "sha256-uPcPVqKtbsYHlQgmydrxHw55eSNvGmU3aAJ6J9N49Ao=",
        "owner": "NixOS",
        "repo": "nixpkgs",
        "rev": "a01d73f1a693c90ae86197dbc787bd277adf9cfe",
        "type": "github"
      },
      "original": {
        "owner": "NixOS",
        "ref": "haskell-updates",
        "repo": "nixpkgs",
        "type": "github"
      }
    },
    "pava": {
      "inputs": {
        "flake-utils": "flake-utils_5",
        "nixpkgs": "nixpkgs_5"
      },
      "locked": {
        "lastModified": 1646716543,
        "narHash": "sha256-B23kwbY3uUjzWu4lUWr911lNLWOuWvlEdU3eMYqRMjg=",
        "owner": "dschrempf",
        "repo": "pava",
        "rev": "d9938eb86a678de85ab5ad595a8b013dd8e0b7fb",
        "type": "github"
      },
      "original": {
        "owner": "dschrempf",
        "repo": "pava",
        "type": "github"
      }
    },
    "root": {
      "inputs": {
        "circular": "circular",
        "covariance": "covariance",
        "dirichlet": "dirichlet",
        "flake-utils": "flake-utils_4",
        "nixpkgs": "nixpkgs_4",
        "pava": "pava"
      }
    }
  },
  "root": "root",
  "version": 7
}
