{
  "nodes": {
    "circular": {
      "inputs": {
        "flake-utils": "flake-utils",
        "nixpkgs": [
          "nixpkgs"
        ]
      },
      "locked": {
        "lastModified": 1630588511,
        "narHash": "sha256-pOFzEW3LkFOpUhZoIbp9ri9u1M7qfoOmq+jdzw7cXFc=",
        "owner": "dschrempf",
        "repo": "circular",
        "rev": "58b26e3ac6f1ada4d8a227651aaa08670352cb7c",
        "type": "github"
      },
      "original": {
        "owner": "dschrempf",
        "repo": "circular",
        "type": "github"
      }
    },
    "dirichlet": {
      "inputs": {
        "flake-utils": "flake-utils_2",
        "nixpkgs": [
          "nixpkgs"
        ]
      },
      "locked": {
        "lastModified": 1630588573,
        "narHash": "sha256-MdUbowRfNH1q8mwA11sDConwkwj22VC0Lew4/cy/WjM=",
        "owner": "dschrempf",
        "repo": "dirichlet",
        "rev": "b91e80fc614ec1e077acd76f64e989ee94ac27e5",
        "type": "github"
      },
      "original": {
        "owner": "dschrempf",
        "repo": "dirichlet",
        "type": "github"
      }
    },
    "flake-utils": {
      "locked": {
        "lastModified": 1629481132,
        "narHash": "sha256-JHgasjPR0/J1J3DRm4KxM4zTyAj4IOJY8vIl75v/kPI=",
        "owner": "numtide",
        "repo": "flake-utils",
        "rev": "997f7efcb746a9c140ce1f13c72263189225f482",
        "type": "github"
      },
      "original": {
        "owner": "numtide",
        "repo": "flake-utils",
        "type": "github"
      }
    },
    "flake-utils_2": {
      "locked": {
        "lastModified": 1629481132,
        "narHash": "sha256-JHgasjPR0/J1J3DRm4KxM4zTyAj4IOJY8vIl75v/kPI=",
        "owner": "numtide",
        "repo": "flake-utils",
        "rev": "997f7efcb746a9c140ce1f13c72263189225f482",
        "type": "github"
      },
      "original": {
        "owner": "numtide",
        "repo": "flake-utils",
        "type": "github"
      }
    },
    "flake-utils_3": {
      "locked": {
        "lastModified": 1629481132,
        "narHash": "sha256-JHgasjPR0/J1J3DRm4KxM4zTyAj4IOJY8vIl75v/kPI=",
        "owner": "numtide",
        "repo": "flake-utils",
        "rev": "997f7efcb746a9c140ce1f13c72263189225f482",
        "type": "github"
      },
      "original": {
        "owner": "numtide",
        "repo": "flake-utils",
        "type": "github"
      }
    },
    "flake-utils_4": {
      "locked": {
        "lastModified": 1629481132,
        "narHash": "sha256-JHgasjPR0/J1J3DRm4KxM4zTyAj4IOJY8vIl75v/kPI=",
        "owner": "numtide",
        "repo": "flake-utils",
        "rev": "997f7efcb746a9c140ce1f13c72263189225f482",
        "type": "github"
      },
      "original": {
        "owner": "numtide",
        "repo": "flake-utils",
        "type": "github"
      }
    },
    "nixpkgs": {
      "locked": {
        "lastModified": 1630248577,
        "narHash": "sha256-9d/yq96TTrnF7qjA6wPYk+rYjWAXwfUmwk3qewezSeg=",
        "owner": "NixOS",
        "repo": "nixpkgs",
        "rev": "8d8a28b47b7c41aeb4ad01a2bd8b7d26986c3512",
        "type": "github"
      },
      "original": {
        "owner": "NixOS",
        "ref": "nixos-unstable",
        "repo": "nixpkgs",
        "type": "github"
      }
    },
    "pava": {
      "inputs": {
        "flake-utils": "flake-utils_4",
        "nixpkgs": [
          "nixpkgs"
        ]
      },
      "locked": {
        "lastModified": 1630588609,
        "narHash": "sha256-ULodFGyJak3JLu1wynHH+rEnTlxhOEfvpEJl5gQbpFg=",
        "owner": "dschrempf",
        "repo": "pava",
        "rev": "4d79339327b116e2fbc281142c354faf632fd962",
        "type": "github"
      },
      "original": {
        "owner": "dschrempf",
        "repo": "pava",
        "type": "github"
      }
    },
    "root": {
      "inputs": {
        "circular": "circular",
        "dirichlet": "dirichlet",
        "flake-utils": "flake-utils_3",
        "nixpkgs": "nixpkgs",
        "pava": "pava"
      }
    }
  },
  "root": "root",
  "version": 7
}
