# This file was autogenerated by Stack.
# You should not edit this file by hand.
# For more information, please see the documentation at:
#   https://docs.haskellstack.org/en/stable/lock_files

packages:
- completed:
    hackage: pava-0.1.0.0@sha256:a069338665384de1f85541c3b881a187d755a7e4f8b5d75833d0491c352ac474,1805
    pantry-tree:
      size: 757
      sha256: 61973d78425ef6da9f4a1acbc4e0d46d14baf4b6a8335c30e85d746fdcbbc6e7
  original:
    hackage: pava-0.1.0.0
- completed:
    hackage: elynx-nexus-0.3.2@sha256:69bf36459a6705541809df73cc7e3cc8cf9dae6c3bee3e3f1fd97bf9e511123d,1315
    pantry-tree:
      size: 394
      sha256: c7764abb9eddee87887bcfa3a83d2228c4bc26ce67f1c697e8a48a3c095611c4
  original:
    hackage: elynx-nexus-0.3.2
- completed:
    hackage: elynx-tools-0.3.2@sha256:899f638d0b259e08109c9f6564816f63c3f273a2f665074ac129307df1b02cad,1615
    pantry-tree:
      size: 1089
      sha256: dd57b6b5205bafa63ab51261e3f55394dc1f9843818a7a7f010d187953975b0f
  original:
    hackage: elynx-tools-0.3.2
- completed:
    hackage: elynx-tree-0.3.2@sha256:8ab1414f7659ab6948cfa39c468fd39d35bb1c7965ff29fc02f9581f391f8e45,3153
    pantry-tree:
      size: 3205
      sha256: fd48a1d3ca2ea913a5bdf31f2b6a4b57bbe20e33a8ec5ea46601b7395ece692c
  original:
    hackage: elynx-tree-0.3.2
snapshots:
- completed:
    size: 524160
    url: https://raw.githubusercontent.com/commercialhaskell/stackage-snapshots/master/nightly/2020/8/3.yaml
    sha256: ae1e29b65f6a27a86b9b9ff736536f9f80167bb163e9a46042e57605c67fda50
  original: nightly-2020-08-03
