# This file was autogenerated by Stack.
# You should not edit this file by hand.
# For more information, please see the documentation at:
#   https://docs.haskellstack.org/en/stable/lock_files

packages: []
snapshots:
- completed:
    size: 547126
    url: https://raw.githubusercontent.com/commercialhaskell/stackage-snapshots/master/nightly/2020/11/8.yaml
    sha256: f30d42c35f133d998dd127ac9f50e89dec8b8538952a11c45fabeba536cc7f97
  original: nightly-2020-12-14
