# This file was autogenerated by Stack.
# You should not edit this file by hand.
# For more information, please see the documentation at:
#   https://docs.haskellstack.org/en/stable/lock_files

packages:
- completed:
    hackage: pava-0.1.0.0@sha256:a069338665384de1f85541c3b881a187d755a7e4f8b5d75833d0491c352ac474,1805
    pantry-tree:
      size: 757
      sha256: 61973d78425ef6da9f4a1acbc4e0d46d14baf4b6a8335c30e85d746fdcbbc6e7
  original:
    hackage: pava-0.1.0.0
- completed:
    hackage: elynx-nexus-0.4.1@sha256:6c09fe16ce4305a6eacb520b304c0117f65fa73e4beefacf34ed51d77022b759,1315
    pantry-tree:
      size: 395
      sha256: 12517302a96fa58e4947e18d42bf2e821bd677200ac50fd7d515234f7ef22ccf
  original:
    hackage: elynx-nexus-0.4.1
- completed:
    hackage: elynx-tools-0.4.1@sha256:734568159a582a492b4057a7c9bfc680fe2cb0d35fa925b2a41a9a39e965431d,1615
    pantry-tree:
      size: 1090
      sha256: 4d30977a127cb7b80a2e38f228e7f38cd034cc5e1184e3ec33ce83186167ff17
  original:
    hackage: elynx-tools-0.4.1
- completed:
    hackage: elynx-tree-0.4.1@sha256:897338e122e6f5d6216254568b0147eabcc3897895ba4fb4a20c9167877921aa,3701
    pantry-tree:
      size: 4284
      sha256: 4f484f4863616e98589973d95bcfa17019598e8f4f505e61331597c403dc380d
  original:
    hackage: elynx-tree-0.4.1
snapshots:
- completed:
    size: 528636
    url: https://raw.githubusercontent.com/commercialhaskell/stackage-snapshots/master/nightly/2020/9/3.yaml
    sha256: 9dac40ef83b087f8f5c4b32a3400b54f6fc058fd7648e46bbfcb60765b135646
  original: nightly-2020-09-03
